// !$*UTF8*$!
{
	archiveVersion = 1;
	classes = {
	};
	objectVersion = 50;
	objects = {

/* Begin PBXBuildFile section */
		18EAB34222BC0E600025C9EB /* AppDelegate.swift in Sources */ = {isa = PBXBuildFile; fileRef = 18EAB34122BC0E600025C9EB /* AppDelegate.swift */; };
		18EAB34422BC0E600025C9EB /* ViewController.swift in Sources */ = {isa = PBXBuildFile; fileRef = 18EAB34322BC0E600025C9EB /* ViewController.swift */; };
		18EAB34722BC0E600025C9EB /* Main.storyboard in Resources */ = {isa = PBXBuildFile; fileRef = 18EAB34522BC0E600025C9EB /* Main.storyboard */; };
		18EAB34922BC0E620025C9EB /* Assets.xcassets in Resources */ = {isa = PBXBuildFile; fileRef = 18EAB34822BC0E620025C9EB /* Assets.xcassets */; };
		18EAB34C22BC0E620025C9EB /* LaunchScreen.storyboard in Resources */ = {isa = PBXBuildFile; fileRef = 18EAB34A22BC0E620025C9EB /* LaunchScreen.storyboard */; };
		18EAB35722BC0E620025C9EB /* emojionalTests.swift in Sources */ = {isa = PBXBuildFile; fileRef = 18EAB35622BC0E620025C9EB /* emojionalTests.swift */; };
		18EAB36222BC0E620025C9EB /* emojionalUITests.swift in Sources */ = {isa = PBXBuildFile; fileRef = 18EAB36122BC0E620025C9EB /* emojionalUITests.swift */; };
/* End PBXBuildFile section */

/* Begin PBXContainerItemProxy section */
		18EAB35322BC0E620025C9EB /* PBXContainerItemProxy */ = {
			isa = PBXContainerItemProxy;
			containerPortal = 18EAB33622BC0E600025C9EB /* Project object */;
			proxyType = 1;
			remoteGlobalIDString = 18EAB33D22BC0E600025C9EB;
			remoteInfo = emojional;
		};
		18EAB35E22BC0E620025C9EB /* PBXContainerItemProxy */ = {
			isa = PBXContainerItemProxy;
			containerPortal = 18EAB33622BC0E600025C9EB /* Project object */;
			proxyType = 1;
			remoteGlobalIDString = 18EAB33D22BC0E600025C9EB;
			remoteInfo = emojional;
		};
/* End PBXContainerItemProxy section */

/* Begin PBXFileReference section */
		18EAB33E22BC0E600025C9EB /* emojional.app */ = {isa = PBXFileReference; explicitFileType = wrapper.application; includeInIndex = 0; path = emojional.app; sourceTree = BUILT_PRODUCTS_DIR; };
		18EAB34122BC0E600025C9EB /* AppDelegate.swift */ = {isa = PBXFileReference; lastKnownFileType = sourcecode.swift; path = AppDelegate.swift; sourceTree = "<group>"; };
		18EAB34322BC0E600025C9EB /* ViewController.swift */ = {isa = PBXFileReference; lastKnownFileType = sourcecode.swift; path = ViewController.swift; sourceTree = "<group>"; };
		18EAB34622BC0E600025C9EB /* Base */ = {isa = PBXFileReference; lastKnownFileType = file.storyboard; name = Base; path = Base.lproj/Main.storyboard; sourceTree = "<group>"; };
		18EAB34822BC0E620025C9EB /* Assets.xcassets */ = {isa = PBXFileReference; lastKnownFileType = folder.assetcatalog; path = Assets.xcassets; sourceTree = "<group>"; };
		18EAB34B22BC0E620025C9EB /* Base */ = {isa = PBXFileReference; lastKnownFileType = file.storyboard; name = Base; path = Base.lproj/LaunchScreen.storyboard; sourceTree = "<group>"; };
		18EAB34D22BC0E620025C9EB /* Info.plist */ = {isa = PBXFileReference; lastKnownFileType = text.plist.xml; path = Info.plist; sourceTree = "<group>"; };
		18EAB35222BC0E620025C9EB /* emojionalTests.xctest */ = {isa = PBXFileReference; explicitFileType = wrapper.cfbundle; includeInIndex = 0; path = emojionalTests.xctest; sourceTree = BUILT_PRODUCTS_DIR; };
		18EAB35622BC0E620025C9EB /* emojionalTests.swift */ = {isa = PBXFileReference; lastKnownFileType = sourcecode.swift; path = emojionalTests.swift; sourceTree = "<group>"; };
		18EAB35822BC0E620025C9EB /* Info.plist */ = {isa = PBXFileReference; lastKnownFileType = text.plist.xml; path = Info.plist; sourceTree = "<group>"; };
		18EAB35D22BC0E620025C9EB /* emojionalUITests.xctest */ = {isa = PBXFileReference; explicitFileType = wrapper.cfbundle; includeInIndex = 0; path = emojionalUITests.xctest; sourceTree = BUILT_PRODUCTS_DIR; };
		18EAB36122BC0E620025C9EB /* emojionalUITests.swift */ = {isa = PBXFileReference; lastKnownFileType = sourcecode.swift; path = emojionalUITests.swift; sourceTree = "<group>"; };
		18EAB36322BC0E620025C9EB /* Info.plist */ = {isa = PBXFileReference; lastKnownFileType = text.plist.xml; path = Info.plist; sourceTree = "<group>"; };
/* End PBXFileReference section */

/* Begin PBXFrameworksBuildPhase section */
		18EAB33B22BC0E600025C9EB /* Frameworks */ = {
			isa = PBXFrameworksBuildPhase;
			buildActionMask = 2147483647;
			files = (
			);
			runOnlyForDeploymentPostprocessing = 0;
		};
		18EAB34F22BC0E620025C9EB /* Frameworks */ = {
			isa = PBXFrameworksBuildPhase;
			buildActionMask = 2147483647;
			files = (
			);
			runOnlyForDeploymentPostprocessing = 0;
		};
		18EAB35A22BC0E620025C9EB /* Frameworks */ = {
			isa = PBXFrameworksBuildPhase;
			buildActionMask = 2147483647;
			files = (
			);
			runOnlyForDeploymentPostprocessing = 0;
		};
/* End PBXFrameworksBuildPhase section */

/* Begin PBXGroup section */
		18EAB33522BC0E600025C9EB = {
			isa = PBXGroup;
			children = (
				18EAB34022BC0E600025C9EB /* emojional */,
				18EAB35522BC0E620025C9EB /* emojionalTests */,
				18EAB36022BC0E620025C9EB /* emojionalUITests */,
				18EAB33F22BC0E600025C9EB /* Products */,
			);
			sourceTree = "<group>";
		};
		18EAB33F22BC0E600025C9EB /* Products */ = {
			isa = PBXGroup;
			children = (
				18EAB33E22BC0E600025C9EB /* emojional.app */,
				18EAB35222BC0E620025C9EB /* emojionalTests.xctest */,
				18EAB35D22BC0E620025C9EB /* emojionalUITests.xctest */,
			);
			name = Products;
			sourceTree = "<group>";
		};
		18EAB34022BC0E600025C9EB /* emojional */ = {
			isa = PBXGroup;
			children = (
				18EAB34122BC0E600025C9EB /* AppDelegate.swift */,
				18EAB34322BC0E600025C9EB /* ViewController.swift */,
				18EAB34522BC0E600025C9EB /* Main.storyboard */,
				18EAB34822BC0E620025C9EB /* Assets.xcassets */,
				18EAB34A22BC0E620025C9EB /* LaunchScreen.storyboard */,
				18EAB34D22BC0E620025C9EB /* Info.plist */,
			);
			path = emojional;
			sourceTree = "<group>";
		};
		18EAB35522BC0E620025C9EB /* emojionalTests */ = {
			isa = PBXGroup;
			children = (
				18EAB35622BC0E620025C9EB /* emojionalTests.swift */,
				18EAB35822BC0E620025C9EB /* Info.plist */,
			);
			path = emojionalTests;
			sourceTree = "<group>";
		};
		18EAB36022BC0E620025C9EB /* emojionalUITests */ = {
			isa = PBXGroup;
			children = (
				18EAB36122BC0E620025C9EB /* emojionalUITests.swift */,
				18EAB36322BC0E620025C9EB /* Info.plist */,
			);
			path = emojionalUITests;
			sourceTree = "<group>";
		};
/* End PBXGroup section */

/* Begin PBXNativeTarget section */
		18EAB33D22BC0E600025C9EB /* emojional */ = {
			isa = PBXNativeTarget;
			buildConfigurationList = 18EAB36622BC0E620025C9EB /* Build configuration list for PBXNativeTarget "emojional" */;
			buildPhases = (
				18EAB33A22BC0E600025C9EB /* Sources */,
				18EAB33B22BC0E600025C9EB /* Frameworks */,
				18EAB33C22BC0E600025C9EB /* Resources */,
			);
			buildRules = (
			);
			dependencies = (
			);
			name = emojional;
			productName = emojional;
			productReference = 18EAB33E22BC0E600025C9EB /* emojional.app */;
			productType = "com.apple.product-type.application";
		};
		18EAB35122BC0E620025C9EB /* emojionalTests */ = {
			isa = PBXNativeTarget;
			buildConfigurationList = 18EAB36922BC0E620025C9EB /* Build configuration list for PBXNativeTarget "emojionalTests" */;
			buildPhases = (
				18EAB34E22BC0E620025C9EB /* Sources */,
				18EAB34F22BC0E620025C9EB /* Frameworks */,
				18EAB35022BC0E620025C9EB /* Resources */,
			);
			buildRules = (
			);
			dependencies = (
				18EAB35422BC0E620025C9EB /* PBXTargetDependency */,
			);
			name = emojionalTests;
			productName = emojionalTests;
			productReference = 18EAB35222BC0E620025C9EB /* emojionalTests.xctest */;
			productType = "com.apple.product-type.bundle.unit-test";
		};
		18EAB35C22BC0E620025C9EB /* emojionalUITests */ = {
			isa = PBXNativeTarget;
			buildConfigurationList = 18EAB36C22BC0E620025C9EB /* Build configuration list for PBXNativeTarget "emojionalUITests" */;
			buildPhases = (
				18EAB35922BC0E620025C9EB /* Sources */,
				18EAB35A22BC0E620025C9EB /* Frameworks */,
				18EAB35B22BC0E620025C9EB /* Resources */,
			);
			buildRules = (
			);
			dependencies = (
				18EAB35F22BC0E620025C9EB /* PBXTargetDependency */,
			);
			name = emojionalUITests;
			productName = emojionalUITests;
			productReference = 18EAB35D22BC0E620025C9EB /* emojionalUITests.xctest */;
			productType = "com.apple.product-type.bundle.ui-testing";
		};
/* End PBXNativeTarget section */

/* Begin PBXProject section */
		18EAB33622BC0E600025C9EB /* Project object */ = {
			isa = PBXProject;
			attributes = {
				LastSwiftUpdateCheck = 1020;
				LastUpgradeCheck = 1020;
				ORGANIZATIONNAME = Apple;
				TargetAttributes = {
					18EAB33D22BC0E600025C9EB = {
						CreatedOnToolsVersion = 10.2.1;
					};
					18EAB35122BC0E620025C9EB = {
						CreatedOnToolsVersion = 10.2.1;
						TestTargetID = 18EAB33D22BC0E600025C9EB;
					};
					18EAB35C22BC0E620025C9EB = {
						CreatedOnToolsVersion = 10.2.1;
						TestTargetID = 18EAB33D22BC0E600025C9EB;
					};
				};
			};
			buildConfigurationList = 18EAB33922BC0E600025C9EB /* Build configuration list for PBXProject "emojional" */;
			compatibilityVersion = "Xcode 9.3";
			developmentRegion = en;
			hasScannedForEncodings = 0;
			knownRegions = (
				en,
				Base,
			);
			mainGroup = 18EAB33522BC0E600025C9EB;
			productRefGroup = 18EAB33F22BC0E600025C9EB /* Products */;
			projectDirPath = "";
			projectRoot = "";
			targets = (
				18EAB33D22BC0E600025C9EB /* emojional */,
				18EAB35122BC0E620025C9EB /* emojionalTests */,
				18EAB35C22BC0E620025C9EB /* emojionalUITests */,
			);
		};
/* End PBXProject section */

/* Begin PBXResourcesBuildPhase section */
		18EAB33C22BC0E600025C9EB /* Resources */ = {
			isa = PBXResourcesBuildPhase;
			buildActionMask = 2147483647;
			files = (
				18EAB34C22BC0E620025C9EB /* LaunchScreen.storyboard in Resources */,
				18EAB34922BC0E620025C9EB /* Assets.xcassets in Resources */,
				18EAB34722BC0E600025C9EB /* Main.storyboard in Resources */,
			);
			runOnlyForDeploymentPostprocessing = 0;
		};
		18EAB35022BC0E620025C9EB /* Resources */ = {
			isa = PBXResourcesBuildPhase;
			buildActionMask = 2147483647;
			files = (
			);
			runOnlyForDeploymentPostprocessing = 0;
		};
		18EAB35B22BC0E620025C9EB /* Resources */ = {
			isa = PBXResourcesBuildPhase;
			buildActionMask = 2147483647;
			files = (
			);
			runOnlyForDeploymentPostprocessing = 0;
		};
/* End PBXResourcesBuildPhase section */

/* Begin PBXSourcesBuildPhase section */
		18EAB33A22BC0E600025C9EB /* Sources */ = {
			isa = PBXSourcesBuildPhase;
			buildActionMask = 2147483647;
			files = (
				18EAB34422BC0E600025C9EB /* ViewController.swift in Sources */,
				18EAB34222BC0E600025C9EB /* AppDelegate.swift in Sources */,
			);
			runOnlyForDeploymentPostprocessing = 0;
		};
		18EAB34E22BC0E620025C9EB /* Sources */ = {
			isa = PBXSourcesBuildPhase;
			buildActionMask = 2147483647;
			files = (
				18EAB35722BC0E620025C9EB /* emojionalTests.swift in Sources */,
			);
			runOnlyForDeploymentPostprocessing = 0;
		};
		18EAB35922BC0E620025C9EB /* Sources */ = {
			isa = PBXSourcesBuildPhase;
			buildActionMask = 2147483647;
			files = (
				18EAB36222BC0E620025C9EB /* emojionalUITests.swift in Sources */,
			);
			runOnlyForDeploymentPostprocessing = 0;
		};
/* End PBXSourcesBuildPhase section */

/* Begin PBXTargetDependency section */
		18EAB35422BC0E620025C9EB /* PBXTargetDependency */ = {
			isa = PBXTargetDependency;
			target = 18EAB33D22BC0E600025C9EB /* emojional */;
			targetProxy = 18EAB35322BC0E620025C9EB /* PBXContainerItemProxy */;
		};
		18EAB35F22BC0E620025C9EB /* PBXTargetDependency */ = {
			isa = PBXTargetDependency;
			target = 18EAB33D22BC0E600025C9EB /* emojional */;
			targetProxy = 18EAB35E22BC0E620025C9EB /* PBXContainerItemProxy */;
		};
/* End PBXTargetDependency section */

/* Begin PBXVariantGroup section */
		18EAB34522BC0E600025C9EB /* Main.storyboard */ = {
			isa = PBXVariantGroup;
			children = (
				18EAB34622BC0E600025C9EB /* Base */,
			);
			name = Main.storyboard;
			sourceTree = "<group>";
		};
		18EAB34A22BC0E620025C9EB /* LaunchScreen.storyboard */ = {
			isa = PBXVariantGroup;
			children = (
				18EAB34B22BC0E620025C9EB /* Base */,
			);
			name = LaunchScreen.storyboard;
			sourceTree = "<group>";
		};
/* End PBXVariantGroup section */

/* Begin XCBuildConfiguration section */
		18EAB36422BC0E620025C9EB /* Debug */ = {
			isa = XCBuildConfiguration;
			buildSettings = {
				ALWAYS_SEARCH_USER_PATHS = NO;
				CLANG_ANALYZER_NONNULL = YES;
				CLANG_ANALYZER_NUMBER_OBJECT_CONVERSION = YES_AGGRESSIVE;
				CLANG_CXX_LANGUAGE_STANDARD = "gnu++14";
				CLANG_CXX_LIBRARY = "libc++";
				CLANG_ENABLE_MODULES = YES;
				CLANG_ENABLE_OBJC_ARC = YES;
				CLANG_ENABLE_OBJC_WEAK = YES;
				CLANG_WARN_BLOCK_CAPTURE_AUTORELEASING = YES;
				CLANG_WARN_BOOL_CONVERSION = YES;
				CLANG_WARN_COMMA = YES;
				CLANG_WARN_CONSTANT_CONVERSION = YES;
				CLANG_WARN_DEPRECATED_OBJC_IMPLEMENTATIONS = YES;
				CLANG_WARN_DIRECT_OBJC_ISA_USAGE = YES_ERROR;
				CLANG_WARN_DOCUMENTATION_COMMENTS = YES;
				CLANG_WARN_EMPTY_BODY = YES;
				CLANG_WARN_ENUM_CONVERSION = YES;
				CLANG_WARN_INFINITE_RECURSION = YES;
				CLANG_WARN_INT_CONVERSION = YES;
				CLANG_WARN_NON_LITERAL_NULL_CONVERSION = YES;
				CLANG_WARN_OBJC_IMPLICIT_RETAIN_SELF = YES;
				CLANG_WARN_OBJC_LITERAL_CONVERSION = YES;
				CLANG_WARN_OBJC_ROOT_CLASS = YES_ERROR;
				CLANG_WARN_RANGE_LOOP_ANALYSIS = YES;
				CLANG_WARN_STRICT_PROTOTYPES = YES;
				CLANG_WARN_SUSPICIOUS_MOVE = YES;
				CLANG_WARN_UNGUARDED_AVAILABILITY = YES_AGGRESSIVE;
				CLANG_WARN_UNREACHABLE_CODE = YES;
				CLANG_WARN__DUPLICATE_METHOD_MATCH = YES;
				CODE_SIGN_IDENTITY = "iPhone Developer";
				COPY_PHASE_STRIP = NO;
				DEBUG_INFORMATION_FORMAT = dwarf;
				ENABLE_STRICT_OBJC_MSGSEND = YES;
				ENABLE_TESTABILITY = YES;
				GCC_C_LANGUAGE_STANDARD = gnu11;
				GCC_DYNAMIC_NO_PIC = NO;
				GCC_NO_COMMON_BLOCKS = YES;
				GCC_OPTIMIZATION_LEVEL = 0;
				GCC_PREPROCESSOR_DEFINITIONS = (
					"DEBUG=1",
					"$(inherited)",
				);
				GCC_WARN_64_TO_32_BIT_CONVERSION = YES;
				GCC_WARN_ABOUT_RETURN_TYPE = YES_ERROR;
				GCC_WARN_UNDECLARED_SELECTOR = YES;
				GCC_WARN_UNINITIALIZED_AUTOS = YES_AGGRESSIVE;
				GCC_WARN_UNUSED_FUNCTION = YES;
				GCC_WARN_UNUSED_VARIABLE = YES;
				IPHONEOS_DEPLOYMENT_TARGET = 12.2;
				MTL_ENABLE_DEBUG_INFO = INCLUDE_SOURCE;
				MTL_FAST_MATH = YES;
				ONLY_ACTIVE_ARCH = YES;
				SDKROOT = iphoneos;
				SWIFT_ACTIVE_COMPILATION_CONDITIONS = DEBUG;
				SWIFT_OPTIMIZATION_LEVEL = "-Onone";
			};
			name = Debug;
		};
		18EAB36522BC0E620025C9EB /* Release */ = {
			isa = XCBuildConfiguration;
			buildSettings = {
				ALWAYS_SEARCH_USER_PATHS = NO;
				CLANG_ANALYZER_NONNULL = YES;
				CLANG_ANALYZER_NUMBER_OBJECT_CONVERSION = YES_AGGRESSIVE;
				CLANG_CXX_LANGUAGE_STANDARD = "gnu++14";
				CLANG_CXX_LIBRARY = "libc++";
				CLANG_ENABLE_MODULES = YES;
				CLANG_ENABLE_OBJC_ARC = YES;
				CLANG_ENABLE_OBJC_WEAK = YES;
				CLANG_WARN_BLOCK_CAPTURE_AUTORELEASING = YES;
				CLANG_WARN_BOOL_CONVERSION = YES;
				CLANG_WARN_COMMA = YES;
				CLANG_WARN_CONSTANT_CONVERSION = YES;
				CLANG_WARN_DEPRECATED_OBJC_IMPLEMENTATIONS = YES;
				CLANG_WARN_DIRECT_OBJC_ISA_USAGE = YES_ERROR;
				CLANG_WARN_DOCUMENTATION_COMMENTS = YES;
				CLANG_WARN_EMPTY_BODY = YES;
				CLANG_WARN_ENUM_CONVERSION = YES;
				CLANG_WARN_INFINITE_RECURSION = YES;
				CLANG_WARN_INT_CONVERSION = YES;
				CLANG_WARN_NON_LITERAL_NULL_CONVERSION = YES;
				CLANG_WARN_OBJC_IMPLICIT_RETAIN_SELF = YES;
				CLANG_WARN_OBJC_LITERAL_CONVERSION = YES;
				CLANG_WARN_OBJC_ROOT_CLASS = YES_ERROR;
				CLANG_WARN_RANGE_LOOP_ANALYSIS = YES;
				CLANG_WARN_STRICT_PROTOTYPES = YES;
				CLANG_WARN_SUSPICIOUS_MOVE = YES;
				CLANG_WARN_UNGUARDED_AVAILABILITY = YES_AGGRESSIVE;
				CLANG_WARN_UNREACHABLE_CODE = YES;
				CLANG_WARN__DUPLICATE_METHOD_MATCH = YES;
				CODE_SIGN_IDENTITY = "iPhone Developer";
				COPY_PHASE_STRIP = NO;
				DEBUG_INFORMATION_FORMAT = "dwarf-with-dsym";
				ENABLE_NS_ASSERTIONS = NO;
				ENABLE_STRICT_OBJC_MSGSEND = YES;
				GCC_C_LANGUAGE_STANDARD = gnu11;
				GCC_NO_COMMON_BLOCKS = YES;
				GCC_WARN_64_TO_32_BIT_CONVERSION = YES;
				GCC_WARN_ABOUT_RETURN_TYPE = YES_ERROR;
				GCC_WARN_UNDECLARED_SELECTOR = YES;
				GCC_WARN_UNINITIALIZED_AUTOS = YES_AGGRESSIVE;
				GCC_WARN_UNUSED_FUNCTION = YES;
				GCC_WARN_UNUSED_VARIABLE = YES;
				IPHONEOS_DEPLOYMENT_TARGET = 12.2;
				MTL_ENABLE_DEBUG_INFO = NO;
				MTL_FAST_MATH = YES;
				SDKROOT = iphoneos;
				SWIFT_COMPILATION_MODE = wholemodule;
				SWIFT_OPTIMIZATION_LEVEL = "-O";
				VALIDATE_PRODUCT = YES;
			};
			name = Release;
		};
		18EAB36722BC0E620025C9EB /* Debug */ = {
			isa = XCBuildConfiguration;
			buildSettings = {
				ASSETCATALOG_COMPILER_APPICON_NAME = AppIcon;
				CODE_SIGN_STYLE = Automatic;
				DEVELOPMENT_TEAM = 3256KY6UX2;
				INFOPLIST_FILE = emojional/Info.plist;
				LD_RUNPATH_SEARCH_PATHS = (
					"$(inherited)",
					"@executable_path/Frameworks",
				);
				PRODUCT_BUNDLE_IDENTIFIER = NomundariSukh.emojional;
				PRODUCT_NAME = "$(TARGET_NAME)";
				SWIFT_VERSION = 5.0;
				TARGETED_DEVICE_FAMILY = "1,2";
			};
			name = Debug;
		};
		18EAB36822BC0E620025C9EB /* Release */ = {
			isa = XCBuildConfiguration;
			buildSettings = {
				ASSETCATALOG_COMPILER_APPICON_NAME = AppIcon;
				CODE_SIGN_STYLE = Automatic;
				DEVELOPMENT_TEAM = 3256KY6UX2;
				INFOPLIST_FILE = emojional/Info.plist;
				LD_RUNPATH_SEARCH_PATHS = (
					"$(inherited)",
					"@executable_path/Frameworks",
				);
				PRODUCT_BUNDLE_IDENTIFIER = NomundariSukh.emojional;
				PRODUCT_NAME = "$(TARGET_NAME)";
				SWIFT_VERSION = 5.0;
				TARGETED_DEVICE_FAMILY = "1,2";
			};
			name = Release;
		};
		18EAB36A22BC0E620025C9EB /* Debug */ = {
			isa = XCBuildConfiguration;
			buildSettings = {
				ALWAYS_EMBED_SWIFT_STANDARD_LIBRARIES = YES;
				BUNDLE_LOADER = "$(TEST_HOST)";
				CODE_SIGN_STYLE = Automatic;
				INFOPLIST_FILE = emojionalTests/Info.plist;
				LD_RUNPATH_SEARCH_PATHS = (
					"$(inherited)",
					"@executable_path/Frameworks",
					"@loader_path/Frameworks",
				);
				PRODUCT_BUNDLE_IDENTIFIER = NomundariSukh.emojionalTests;
				PRODUCT_NAME = "$(TARGET_NAME)";
				SWIFT_VERSION = 5.0;
				TARGETED_DEVICE_FAMILY = "1,2";
				TEST_HOST = "$(BUILT_PRODUCTS_DIR)/emojional.app/emojional";
			};
			name = Debug;
		};
		18EAB36B22BC0E620025C9EB /* Release */ = {
			isa = XCBuildConfiguration;
			buildSettings = {
				ALWAYS_EMBED_SWIFT_STANDARD_LIBRARIES = YES;
				BUNDLE_LOADER = "$(TEST_HOST)";
				CODE_SIGN_STYLE = Automatic;
				INFOPLIST_FILE = emojionalTests/Info.plist;
				LD_RUNPATH_SEARCH_PATHS = (
					"$(inherited)",
					"@executable_path/Frameworks",
					"@loader_path/Frameworks",
				);
				PRODUCT_BUNDLE_IDENTIFIER = NomundariSukh.emojionalTests;
				PRODUCT_NAME = "$(TARGET_NAME)";
				SWIFT_VERSION = 5.0;
				TARGETED_DEVICE_FAMILY = "1,2";
				TEST_HOST = "$(BUILT_PRODUCTS_DIR)/emojional.app/emojional";
			};
			name = Release;
		};
		18EAB36D22BC0E620025C9EB /* Debug */ = {
			isa = XCBuildConfiguration;
			buildSettings = {
				ALWAYS_EMBED_SWIFT_STANDARD_LIBRARIES = YES;
				CODE_SIGN_STYLE = Automatic;
				INFOPLIST_FILE = emojionalUITests/Info.plist;
				LD_RUNPATH_SEARCH_PATHS = (
					"$(inherited)",
					"@executable_path/Frameworks",
					"@loader_path/Frameworks",
				);
				PRODUCT_BUNDLE_IDENTIFIER = NomundariSukh.emojionalUITests;
				PRODUCT_NAME = "$(TARGET_NAME)";
				SWIFT_VERSION = 5.0;
				TARGETED_DEVICE_FAMILY = "1,2";
				TEST_TARGET_NAME = emojional;
			};
			name = Debug;
		};
		18EAB36E22BC0E620025C9EB /* Release */ = {
			isa = XCBuildConfiguration;
			buildSettings = {
				ALWAYS_EMBED_SWIFT_STANDARD_LIBRARIES = YES;
				CODE_SIGN_STYLE = Automatic;
				INFOPLIST_FILE = emojionalUITests/Info.plist;
				LD_RUNPATH_SEARCH_PATHS = (
					"$(inherited)",
					"@executable_path/Frameworks",
					"@loader_path/Frameworks",
				);
				PRODUCT_BUNDLE_IDENTIFIER = NomundariSukh.emojionalUITests;
				PRODUCT_NAME = "$(TARGET_NAME)";
				SWIFT_VERSION = 5.0;
				TARGETED_DEVICE_FAMILY = "1,2";
				TEST_TARGET_NAME = emojional;
			};
			name = Release;
		};
/* End XCBuildConfiguration section */

/* Begin XCConfigurationList section */
		18EAB33922BC0E600025C9EB /* Build configuration list for PBXProject "emojional" */ = {
			isa = XCConfigurationList;
			buildConfigurations = (
				18EAB36422BC0E620025C9EB /* Debug */,
				18EAB36522BC0E620025C9EB /* Release */,
			);
			defaultConfigurationIsVisible = 0;
			defaultConfigurationName = Release;
		};
		18EAB36622BC0E620025C9EB /* Build configuration list for PBXNativeTarget "emojional" */ = {
			isa = XCConfigurationList;
			buildConfigurations = (
				18EAB36722BC0E620025C9EB /* Debug */,
				18EAB36822BC0E620025C9EB /* Release */,
			);
			defaultConfigurationIsVisible = 0;
			defaultConfigurationName = Release;
		};
		18EAB36922BC0E620025C9EB /* Build configuration list for PBXNativeTarget "emojionalTests" */ = {
			isa = XCConfigurationList;
			buildConfigurations = (
				18EAB36A22BC0E620025C9EB /* Debug */,
				18EAB36B22BC0E620025C9EB /* Release */,
			);
			defaultConfigurationIsVisible = 0;
			defaultConfigurationName = Release;
		};
		18EAB36C22BC0E620025C9EB /* Build configuration list for PBXNativeTarget "emojionalUITests" */ = {
			isa = XCConfigurationList;
			buildConfigurations = (
				18EAB36D22BC0E620025C9EB /* Debug */,
				18EAB36E22BC0E620025C9EB /* Release */,
			);
			defaultConfigurationIsVisible = 0;
			defaultConfigurationName = Release;
		};
/* End XCConfigurationList section */
	};
	rootObject = 18EAB33622BC0E600025C9EB /* Project object */;
}
